
Microsoft Visual Studio Solution File, Format Version 12.00
# Visual Studio Version 17
VisualStudioVersion = 17.7.34202.233
MinimumVisualStudioVersion = 10.0.40219.1
Project("{FAE04EC0-301F-11D3-BF4B-00C04F79EFBC}") = "DesafioExtraJogodaVelha", "DesafioExtraJogodaVelha.csproj", "{F75171EF-F618-4FC4-898F-9C30B52CE14B}"
EndProject
Global
	GlobalSection(SolutionConfigurationPlatforms) = preSolution
		Debug|Any CPU = Debug|Any CPU
		Release|Any CPU = Release|Any CPU
	EndGlobalSection
	GlobalSection(ProjectConfigurationPlatforms) = postSolution
		{F75171EF-F618-4FC4-898F-9C30B52CE14B}.Debug|Any CPU.ActiveCfg = Debug|Any CPU
		{F75171EF-F618-4FC4-898F-9C30B52CE14B}.Debug|Any CPU.Build.0 = Debug|Any CPU
		{F75171EF-F618-4FC4-898F-9C30B52CE14B}.Release|Any CPU.ActiveCfg = Release|Any CPU
		{F75171EF-F618-4FC4-898F-9C30B52CE14B}.Release|Any CPU.Build.0 = Release|Any CPU
	EndGlobalSection
	GlobalSection(SolutionProperties) = preSolution
		HideSolutionNode = FALSE
	EndGlobalSection
	GlobalSection(ExtensibilityGlobals) = postSolution
		SolutionGuid = {76C9EB43-7A5A-49A5-B845-6B6DABA03B57}
	EndGlobalSection
EndGlobal
